
Microsoft Visual Studio Solution File, Format Version 12.00
# Visual Studio Version 17
VisualStudioVersion = 17.5.33530.505
MinimumVisualStudioVersion = 10.0.40219.1
Project("{FAE04EC0-301F-11D3-BF4B-00C04F79EFBC}") = "templatesModule", "templatesModule\templatesModule.csproj", "{724255C8-8DA7-408F-B169-6D569CE9B63A}"
EndProject
Global
	GlobalSection(SolutionConfigurationPlatforms) = preSolution
		Debug|Any CPU = Debug|Any CPU
		Release|Any CPU = Release|Any CPU
	EndGlobalSection
	GlobalSection(ProjectConfigurationPlatforms) = postSolution
		{724255C8-8DA7-408F-B169-6D569CE9B63A}.Debug|Any CPU.ActiveCfg = Debug|Any CPU
		{724255C8-8DA7-408F-B169-6D569CE9B63A}.Debug|Any CPU.Build.0 = Debug|Any CPU
		{724255C8-8DA7-408F-B169-6D569CE9B63A}.Release|Any CPU.ActiveCfg = Release|Any CPU
		{724255C8-8DA7-408F-B169-6D569CE9B63A}.Release|Any CPU.Build.0 = Release|Any CPU
	EndGlobalSection
	GlobalSection(SolutionProperties) = preSolution
		HideSolutionNode = FALSE
	EndGlobalSection
	GlobalSection(ExtensibilityGlobals) = postSolution
		SolutionGuid = {C315E19A-F097-451D-ACB2-B22C96F8496A}
	EndGlobalSection
EndGlobal
